// !$*UTF8*$!
{
	archiveVersion = 1;
	classes = {
	};
	objectVersion = 56;
	objects = {

/* Begin PBXBuildFile section */
		EF4B08612C98E01000A1F5B5 /* SetUpdaterApp.swift in Sources */ = {isa = PBXBuildFile; fileRef = EF4B08602C98E01000A1F5B5 /* SetUpdaterApp.swift */; };
		EF4B08632C98E01000A1F5B5 /* ContentView.swift in Sources */ = {isa = PBXBuildFile; fileRef = EF4B08622C98E01000A1F5B5 /* ContentView.swift */; };
		EF4B08652C98E01100A1F5B5 /* Assets.xcassets in Resources */ = {isa = PBXBuildFile; fileRef = EF4B08642C98E01100A1F5B5 /* Assets.xcassets */; };
		EF4B08682C98E01100A1F5B5 /* Preview Assets.xcassets in Resources */ = {isa = PBXBuildFile; fileRef = EF4B08672C98E01100A1F5B5 /* Preview Assets.xcassets */; };
		EF4B086A2C98E01100A1F5B5 /* Persistence.swift in Sources */ = {isa = PBXBuildFile; fileRef = EF4B08692C98E01100A1F5B5 /* Persistence.swift */; };
		EF4B086D2C98E01100A1F5B5 /* SetUpdater.xcdatamodeld in Sources */ = {isa = PBXBuildFile; fileRef = EF4B086B2C98E01100A1F5B5 /* SetUpdater.xcdatamodeld */; };
		EF4B08772C98E01100A1F5B5 /* SetUpdaterTests.swift in Sources */ = {isa = PBXBuildFile; fileRef = EF4B08762C98E01100A1F5B5 /* SetUpdaterTests.swift */; };
		EF4B08812C98E01100A1F5B5 /* SetUpdaterUITests.swift in Sources */ = {isa = PBXBuildFile; fileRef = EF4B08802C98E01100A1F5B5 /* SetUpdaterUITests.swift */; };
		EF4B08832C98E01100A1F5B5 /* SetUpdaterUITestsLaunchTests.swift in Sources */ = {isa = PBXBuildFile; fileRef = EF4B08822C98E01100A1F5B5 /* SetUpdaterUITestsLaunchTests.swift */; };
/* End PBXBuildFile section */

/* Begin PBXContainerItemProxy section */
		EF4B08732C98E01100A1F5B5 /* PBXContainerItemProxy */ = {
			isa = PBXContainerItemProxy;
			containerPortal = EF4B08552C98E01000A1F5B5 /* Project object */;
			proxyType = 1;
			remoteGlobalIDString = EF4B085C2C98E01000A1F5B5;
			remoteInfo = SetUpdater;
		};
		EF4B087D2C98E01100A1F5B5 /* PBXContainerItemProxy */ = {
			isa = PBXContainerItemProxy;
			containerPortal = EF4B08552C98E01000A1F5B5 /* Project object */;
			proxyType = 1;
			remoteGlobalIDString = EF4B085C2C98E01000A1F5B5;
			remoteInfo = SetUpdater;
		};
/* End PBXContainerItemProxy section */

/* Begin PBXFileReference section */
		EF4B085D2C98E01000A1F5B5 /* SetUpdater.app */ = {isa = PBXFileReference; explicitFileType = wrapper.application; includeInIndex = 0; path = SetUpdater.app; sourceTree = BUILT_PRODUCTS_DIR; };
		EF4B08602C98E01000A1F5B5 /* SetUpdaterApp.swift */ = {isa = PBXFileReference; lastKnownFileType = sourcecode.swift; path = SetUpdaterApp.swift; sourceTree = "<group>"; };
		EF4B08622C98E01000A1F5B5 /* ContentView.swift */ = {isa = PBXFileReference; lastKnownFileType = sourcecode.swift; path = ContentView.swift; sourceTree = "<group>"; };
		EF4B08642C98E01100A1F5B5 /* Assets.xcassets */ = {isa = PBXFileReference; lastKnownFileType = folder.assetcatalog; path = Assets.xcassets; sourceTree = "<group>"; };
		EF4B08672C98E01100A1F5B5 /* Preview Assets.xcassets */ = {isa = PBXFileReference; lastKnownFileType = folder.assetcatalog; path = "Preview Assets.xcassets"; sourceTree = "<group>"; };
		EF4B08692C98E01100A1F5B5 /* Persistence.swift */ = {isa = PBXFileReference; lastKnownFileType = sourcecode.swift; path = Persistence.swift; sourceTree = "<group>"; };
		EF4B086C2C98E01100A1F5B5 /* SetUpdater.xcdatamodel */ = {isa = PBXFileReference; lastKnownFileType = wrapper.xcdatamodel; path = SetUpdater.xcdatamodel; sourceTree = "<group>"; };
		EF4B08722C98E01100A1F5B5 /* SetUpdaterTests.xctest */ = {isa = PBXFileReference; explicitFileType = wrapper.cfbundle; includeInIndex = 0; path = SetUpdaterTests.xctest; sourceTree = BUILT_PRODUCTS_DIR; };
		EF4B08762C98E01100A1F5B5 /* SetUpdaterTests.swift */ = {isa = PBXFileReference; lastKnownFileType = sourcecode.swift; path = SetUpdaterTests.swift; sourceTree = "<group>"; };
		EF4B087C2C98E01100A1F5B5 /* SetUpdaterUITests.xctest */ = {isa = PBXFileReference; explicitFileType = wrapper.cfbundle; includeInIndex = 0; path = SetUpdaterUITests.xctest; sourceTree = BUILT_PRODUCTS_DIR; };
		EF4B08802C98E01100A1F5B5 /* SetUpdaterUITests.swift */ = {isa = PBXFileReference; lastKnownFileType = sourcecode.swift; path = SetUpdaterUITests.swift; sourceTree = "<group>"; };
		EF4B08822C98E01100A1F5B5 /* SetUpdaterUITestsLaunchTests.swift */ = {isa = PBXFileReference; lastKnownFileType = sourcecode.swift; path = SetUpdaterUITestsLaunchTests.swift; sourceTree = "<group>"; };
/* End PBXFileReference section */

/* Begin PBXFrameworksBuildPhase section */
		EF4B085A2C98E01000A1F5B5 /* Frameworks */ = {
			isa = PBXFrameworksBuildPhase;
			buildActionMask = 2147483647;
			files = (
			);
			runOnlyForDeploymentPostprocessing = 0;
		};
		EF4B086F2C98E01100A1F5B5 /* Frameworks */ = {
			isa = PBXFrameworksBuildPhase;
			buildActionMask = 2147483647;
			files = (
			);
			runOnlyForDeploymentPostprocessing = 0;
		};
		EF4B08792C98E01100A1F5B5 /* Frameworks */ = {
			isa = PBXFrameworksBuildPhase;
			buildActionMask = 2147483647;
			files = (
			);
			runOnlyForDeploymentPostprocessing = 0;
		};
/* End PBXFrameworksBuildPhase section */

/* Begin PBXGroup section */
		EF4B08542C98E01000A1F5B5 = {
			isa = PBXGroup;
			children = (
				EF4B085F2C98E01000A1F5B5 /* SetUpdater */,
				EF4B08752C98E01100A1F5B5 /* SetUpdaterTests */,
				EF4B087F2C98E01100A1F5B5 /* SetUpdaterUITests */,
				EF4B085E2C98E01000A1F5B5 /* Products */,
			);
			sourceTree = "<group>";
		};
		EF4B085E2C98E01000A1F5B5 /* Products */ = {
			isa = PBXGroup;
			children = (
				EF4B085D2C98E01000A1F5B5 /* SetUpdater.app */,
				EF4B08722C98E01100A1F5B5 /* SetUpdaterTests.xctest */,
				EF4B087C2C98E01100A1F5B5 /* SetUpdaterUITests.xctest */,
			);
			name = Products;
			sourceTree = "<group>";
		};
		EF4B085F2C98E01000A1F5B5 /* SetUpdater */ = {
			isa = PBXGroup;
			children = (
				EF4B08602C98E01000A1F5B5 /* SetUpdaterApp.swift */,
				EF4B08622C98E01000A1F5B5 /* ContentView.swift */,
				EF4B08642C98E01100A1F5B5 /* Assets.xcassets */,
				EF4B08692C98E01100A1F5B5 /* Persistence.swift */,
				EF4B086B2C98E01100A1F5B5 /* SetUpdater.xcdatamodeld */,
				EF4B08662C98E01100A1F5B5 /* Preview Content */,
			);
			path = SetUpdater;
			sourceTree = "<group>";
		};
		EF4B08662C98E01100A1F5B5 /* Preview Content */ = {
			isa = PBXGroup;
			children = (
				EF4B08672C98E01100A1F5B5 /* Preview Assets.xcassets */,
			);
			path = "Preview Content";
			sourceTree = "<group>";
		};
		EF4B08752C98E01100A1F5B5 /* SetUpdaterTests */ = {
			isa = PBXGroup;
			children = (
				EF4B08762C98E01100A1F5B5 /* SetUpdaterTests.swift */,
			);
			path = SetUpdaterTests;
			sourceTree = "<group>";
		};
		EF4B087F2C98E01100A1F5B5 /* SetUpdaterUITests */ = {
			isa = PBXGroup;
			children = (
				EF4B08802C98E01100A1F5B5 /* SetUpdaterUITests.swift */,
				EF4B08822C98E01100A1F5B5 /* SetUpdaterUITestsLaunchTests.swift */,
			);
			path = SetUpdaterUITests;
			sourceTree = "<group>";
		};
/* End PBXGroup section */

/* Begin PBXNativeTarget section */
		EF4B085C2C98E01000A1F5B5 /* SetUpdater */ = {
			isa = PBXNativeTarget;
			buildConfigurationList = EF4B08862C98E01100A1F5B5 /* Build configuration list for PBXNativeTarget "SetUpdater" */;
			buildPhases = (
				EF4B08592C98E01000A1F5B5 /* Sources */,
				EF4B085A2C98E01000A1F5B5 /* Frameworks */,
				EF4B085B2C98E01000A1F5B5 /* Resources */,
			);
			buildRules = (
			);
			dependencies = (
			);
			name = SetUpdater;
			productName = SetUpdater;
			productReference = EF4B085D2C98E01000A1F5B5 /* SetUpdater.app */;
			productType = "com.apple.product-type.application";
		};
		EF4B08712C98E01100A1F5B5 /* SetUpdaterTests */ = {
			isa = PBXNativeTarget;
			buildConfigurationList = EF4B08892C98E01100A1F5B5 /* Build configuration list for PBXNativeTarget "SetUpdaterTests" */;
			buildPhases = (
				EF4B086E2C98E01100A1F5B5 /* Sources */,
				EF4B086F2C98E01100A1F5B5 /* Frameworks */,
				EF4B08702C98E01100A1F5B5 /* Resources */,
			);
			buildRules = (
			);
			dependencies = (
				EF4B08742C98E01100A1F5B5 /* PBXTargetDependency */,
			);
			name = SetUpdaterTests;
			productName = SetUpdaterTests;
			productReference = EF4B08722C98E01100A1F5B5 /* SetUpdaterTests.xctest */;
			productType = "com.apple.product-type.bundle.unit-test";
		};
		EF4B087B2C98E01100A1F5B5 /* SetUpdaterUITests */ = {
			isa = PBXNativeTarget;
			buildConfigurationList = EF4B088C2C98E01100A1F5B5 /* Build configuration list for PBXNativeTarget "SetUpdaterUITests" */;
			buildPhases = (
				EF4B08782C98E01100A1F5B5 /* Sources */,
				EF4B08792C98E01100A1F5B5 /* Frameworks */,
				EF4B087A2C98E01100A1F5B5 /* Resources */,
			);
			buildRules = (
			);
			dependencies = (
				EF4B087E2C98E01100A1F5B5 /* PBXTargetDependency */,
			);
			name = SetUpdaterUITests;
			productName = SetUpdaterUITests;
			productReference = EF4B087C2C98E01100A1F5B5 /* SetUpdaterUITests.xctest */;
			productType = "com.apple.product-type.bundle.ui-testing";
		};
/* End PBXNativeTarget section */

/* Begin PBXProject section */
		EF4B08552C98E01000A1F5B5 /* Project object */ = {
			isa = PBXProject;
			attributes = {
				BuildIndependentTargetsInParallel = 1;
				LastSwiftUpdateCheck = 1540;
				LastUpgradeCheck = 1540;
				TargetAttributes = {
					EF4B085C2C98E01000A1F5B5 = {
						CreatedOnToolsVersion = 15.4;
					};
					EF4B08712C98E01100A1F5B5 = {
						CreatedOnToolsVersion = 15.4;
						TestTargetID = EF4B085C2C98E01000A1F5B5;
					};
					EF4B087B2C98E01100A1F5B5 = {
						CreatedOnToolsVersion = 15.4;
						TestTargetID = EF4B085C2C98E01000A1F5B5;
					};
				};
			};
			buildConfigurationList = EF4B08582C98E01000A1F5B5 /* Build configuration list for PBXProject "SetUpdater" */;
			compatibilityVersion = "Xcode 14.0";
			developmentRegion = en;
			hasScannedForEncodings = 0;
			knownRegions = (
				en,
				Base,
			);
			mainGroup = EF4B08542C98E01000A1F5B5;
			productRefGroup = EF4B085E2C98E01000A1F5B5 /* Products */;
			projectDirPath = "";
			projectRoot = "";
			targets = (
				EF4B085C2C98E01000A1F5B5 /* SetUpdater */,
				EF4B08712C98E01100A1F5B5 /* SetUpdaterTests */,
				EF4B087B2C98E01100A1F5B5 /* SetUpdaterUITests */,
			);
		};
/* End PBXProject section */

/* Begin PBXResourcesBuildPhase section */
		EF4B085B2C98E01000A1F5B5 /* Resources */ = {
			isa = PBXResourcesBuildPhase;
			buildActionMask = 2147483647;
			files = (
				EF4B08682C98E01100A1F5B5 /* Preview Assets.xcassets in Resources */,
				EF4B08652C98E01100A1F5B5 /* Assets.xcassets in Resources */,
			);
			runOnlyForDeploymentPostprocessing = 0;
		};
		EF4B08702C98E01100A1F5B5 /* Resources */ = {
			isa = PBXResourcesBuildPhase;
			buildActionMask = 2147483647;
			files = (
			);
			runOnlyForDeploymentPostprocessing = 0;
		};
		EF4B087A2C98E01100A1F5B5 /* Resources */ = {
			isa = PBXResourcesBuildPhase;
			buildActionMask = 2147483647;
			files = (
			);
			runOnlyForDeploymentPostprocessing = 0;
		};
/* End PBXResourcesBuildPhase section */

/* Begin PBXSourcesBuildPhase section */
		EF4B08592C98E01000A1F5B5 /* Sources */ = {
			isa = PBXSourcesBuildPhase;
			buildActionMask = 2147483647;
			files = (
				EF4B086D2C98E01100A1F5B5 /* SetUpdater.xcdatamodeld in Sources */,
				EF4B086A2C98E01100A1F5B5 /* Persistence.swift in Sources */,
				EF4B08632C98E01000A1F5B5 /* ContentView.swift in Sources */,
				EF4B08612C98E01000A1F5B5 /* SetUpdaterApp.swift in Sources */,
			);
			runOnlyForDeploymentPostprocessing = 0;
		};
		EF4B086E2C98E01100A1F5B5 /* Sources */ = {
			isa = PBXSourcesBuildPhase;
			buildActionMask = 2147483647;
			files = (
				EF4B08772C98E01100A1F5B5 /* SetUpdaterTests.swift in Sources */,
			);
			runOnlyForDeploymentPostprocessing = 0;
		};
		EF4B08782C98E01100A1F5B5 /* Sources */ = {
			isa = PBXSourcesBuildPhase;
			buildActionMask = 2147483647;
			files = (
				EF4B08812C98E01100A1F5B5 /* SetUpdaterUITests.swift in Sources */,
				EF4B08832C98E01100A1F5B5 /* SetUpdaterUITestsLaunchTests.swift in Sources */,
			);
			runOnlyForDeploymentPostprocessing = 0;
		};
/* End PBXSourcesBuildPhase section */

/* Begin PBXTargetDependency section */
		EF4B08742C98E01100A1F5B5 /* PBXTargetDependency */ = {
			isa = PBXTargetDependency;
			target = EF4B085C2C98E01000A1F5B5 /* SetUpdater */;
			targetProxy = EF4B08732C98E01100A1F5B5 /* PBXContainerItemProxy */;
		};
		EF4B087E2C98E01100A1F5B5 /* PBXTargetDependency */ = {
			isa = PBXTargetDependency;
			target = EF4B085C2C98E01000A1F5B5 /* SetUpdater */;
			targetProxy = EF4B087D2C98E01100A1F5B5 /* PBXContainerItemProxy */;
		};
/* End PBXTargetDependency section */

/* Begin XCBuildConfiguration section */
		EF4B08842C98E01100A1F5B5 /* Debug */ = {
			isa = XCBuildConfiguration;
			buildSettings = {
				ALWAYS_SEARCH_USER_PATHS = NO;
				ASSETCATALOG_COMPILER_GENERATE_SWIFT_ASSET_SYMBOL_EXTENSIONS = YES;
				CLANG_ANALYZER_NONNULL = YES;
				CLANG_ANALYZER_NUMBER_OBJECT_CONVERSION = YES_AGGRESSIVE;
				CLANG_CXX_LANGUAGE_STANDARD = "gnu++20";
				CLANG_ENABLE_MODULES = YES;
				CLANG_ENABLE_OBJC_ARC = YES;
				CLANG_ENABLE_OBJC_WEAK = YES;
				CLANG_WARN_BLOCK_CAPTURE_AUTORELEASING = YES;
				CLANG_WARN_BOOL_CONVERSION = YES;
				CLANG_WARN_COMMA = YES;
				CLANG_WARN_CONSTANT_CONVERSION = YES;
				CLANG_WARN_DEPRECATED_OBJC_IMPLEMENTATIONS = YES;
				CLANG_WARN_DIRECT_OBJC_ISA_USAGE = YES_ERROR;
				CLANG_WARN_DOCUMENTATION_COMMENTS = YES;
				CLANG_WARN_EMPTY_BODY = YES;
				CLANG_WARN_ENUM_CONVERSION = YES;
				CLANG_WARN_INFINITE_RECURSION = YES;
				CLANG_WARN_INT_CONVERSION = YES;
				CLANG_WARN_NON_LITERAL_NULL_CONVERSION = YES;
				CLANG_WARN_OBJC_IMPLICIT_RETAIN_SELF = YES;
				CLANG_WARN_OBJC_LITERAL_CONVERSION = YES;
				CLANG_WARN_OBJC_ROOT_CLASS = YES_ERROR;
				CLANG_WARN_QUOTED_INCLUDE_IN_FRAMEWORK_HEADER = YES;
				CLANG_WARN_RANGE_LOOP_ANALYSIS = YES;
				CLANG_WARN_STRICT_PROTOTYPES = YES;
				CLANG_WARN_SUSPICIOUS_MOVE = YES;
				CLANG_WARN_UNGUARDED_AVAILABILITY = YES_AGGRESSIVE;
				CLANG_WARN_UNREACHABLE_CODE = YES;
				CLANG_WARN__DUPLICATE_METHOD_MATCH = YES;
				COPY_PHASE_STRIP = NO;
				DEBUG_INFORMATION_FORMAT = dwarf;
				ENABLE_STRICT_OBJC_MSGSEND = YES;
				ENABLE_TESTABILITY = YES;
				ENABLE_USER_SCRIPT_SANDBOXING = YES;
				GCC_C_LANGUAGE_STANDARD = gnu17;
				GCC_DYNAMIC_NO_PIC = NO;
				GCC_NO_COMMON_BLOCKS = YES;
				GCC_OPTIMIZATION_LEVEL = 0;
				GCC_PREPROCESSOR_DEFINITIONS = (
					"DEBUG=1",
					"$(inherited)",
				);
				GCC_WARN_64_TO_32_BIT_CONVERSION = YES;
				GCC_WARN_ABOUT_RETURN_TYPE = YES_ERROR;
				GCC_WARN_UNDECLARED_SELECTOR = YES;
				GCC_WARN_UNINITIALIZED_AUTOS = YES_AGGRESSIVE;
				GCC_WARN_UNUSED_FUNCTION = YES;
				GCC_WARN_UNUSED_VARIABLE = YES;
				IPHONEOS_DEPLOYMENT_TARGET = 17.5;
				LOCALIZATION_PREFERS_STRING_CATALOGS = YES;
				MTL_ENABLE_DEBUG_INFO = INCLUDE_SOURCE;
				MTL_FAST_MATH = YES;
				ONLY_ACTIVE_ARCH = YES;
				SDKROOT = iphoneos;
				SWIFT_ACTIVE_COMPILATION_CONDITIONS = "DEBUG $(inherited)";
				SWIFT_OPTIMIZATION_LEVEL = "-Onone";
			};
			name = Debug;
		};
		EF4B08852C98E01100A1F5B5 /* Release */ = {
			isa = XCBuildConfiguration;
			buildSettings = {
				ALWAYS_SEARCH_USER_PATHS = NO;
				ASSETCATALOG_COMPILER_GENERATE_SWIFT_ASSET_SYMBOL_EXTENSIONS = YES;
				CLANG_ANALYZER_NONNULL = YES;
				CLANG_ANALYZER_NUMBER_OBJECT_CONVERSION = YES_AGGRESSIVE;
				CLANG_CXX_LANGUAGE_STANDARD = "gnu++20";
				CLANG_ENABLE_MODULES = YES;
				CLANG_ENABLE_OBJC_ARC = YES;
				CLANG_ENABLE_OBJC_WEAK = YES;
				CLANG_WARN_BLOCK_CAPTURE_AUTORELEASING = YES;
				CLANG_WARN_BOOL_CONVERSION = YES;
				CLANG_WARN_COMMA = YES;
				CLANG_WARN_CONSTANT_CONVERSION = YES;
				CLANG_WARN_DEPRECATED_OBJC_IMPLEMENTATIONS = YES;
				CLANG_WARN_DIRECT_OBJC_ISA_USAGE = YES_ERROR;
				CLANG_WARN_DOCUMENTATION_COMMENTS = YES;
				CLANG_WARN_EMPTY_BODY = YES;
				CLANG_WARN_ENUM_CONVERSION = YES;
				CLANG_WARN_INFINITE_RECURSION = YES;
				CLANG_WARN_INT_CONVERSION = YES;
				CLANG_WARN_NON_LITERAL_NULL_CONVERSION = YES;
				CLANG_WARN_OBJC_IMPLICIT_RETAIN_SELF = YES;
				CLANG_WARN_OBJC_LITERAL_CONVERSION = YES;
				CLANG_WARN_OBJC_ROOT_CLASS = YES_ERROR;
				CLANG_WARN_QUOTED_INCLUDE_IN_FRAMEWORK_HEADER = YES;
				CLANG_WARN_RANGE_LOOP_ANALYSIS = YES;
				CLANG_WARN_STRICT_PROTOTYPES = YES;
				CLANG_WARN_SUSPICIOUS_MOVE = YES;
				CLANG_WARN_UNGUARDED_AVAILABILITY = YES_AGGRESSIVE;
				CLANG_WARN_UNREACHABLE_CODE = YES;
				CLANG_WARN__DUPLICATE_METHOD_MATCH = YES;
				COPY_PHASE_STRIP = NO;
				DEBUG_INFORMATION_FORMAT = "dwarf-with-dsym";
				ENABLE_NS_ASSERTIONS = NO;
				ENABLE_STRICT_OBJC_MSGSEND = YES;
				ENABLE_USER_SCRIPT_SANDBOXING = YES;
				GCC_C_LANGUAGE_STANDARD = gnu17;
				GCC_NO_COMMON_BLOCKS = YES;
				GCC_WARN_64_TO_32_BIT_CONVERSION = YES;
				GCC_WARN_ABOUT_RETURN_TYPE = YES_ERROR;
				GCC_WARN_UNDECLARED_SELECTOR = YES;
				GCC_WARN_UNINITIALIZED_AUTOS = YES_AGGRESSIVE;
				GCC_WARN_UNUSED_FUNCTION = YES;
				GCC_WARN_UNUSED_VARIABLE = YES;
				IPHONEOS_DEPLOYMENT_TARGET = 17.5;
				LOCALIZATION_PREFERS_STRING_CATALOGS = YES;
				MTL_ENABLE_DEBUG_INFO = NO;
				MTL_FAST_MATH = YES;
				SDKROOT = iphoneos;
				SWIFT_COMPILATION_MODE = wholemodule;
				VALIDATE_PRODUCT = YES;
			};
			name = Release;
		};
		EF4B08872C98E01100A1F5B5 /* Debug */ = {
			isa = XCBuildConfiguration;
			buildSettings = {
				ASSETCATALOG_COMPILER_APPICON_NAME = AppIcon;
				ASSETCATALOG_COMPILER_GLOBAL_ACCENT_COLOR_NAME = AccentColor;
				CODE_SIGN_STYLE = Automatic;
				CURRENT_PROJECT_VERSION = 1;
				DEVELOPMENT_ASSET_PATHS = "\"SetUpdater/Preview Content\"";
				DEVELOPMENT_TEAM = X27Q3FZPFP;
				ENABLE_PREVIEWS = YES;
				GENERATE_INFOPLIST_FILE = YES;
				INFOPLIST_KEY_UIApplicationSceneManifest_Generation = YES;
				INFOPLIST_KEY_UIApplicationSupportsIndirectInputEvents = YES;
				INFOPLIST_KEY_UILaunchScreen_Generation = YES;
				INFOPLIST_KEY_UISupportedInterfaceOrientations_iPad = "UIInterfaceOrientationPortrait UIInterfaceOrientationPortraitUpsideDown UIInterfaceOrientationLandscapeLeft UIInterfaceOrientationLandscapeRight";
				INFOPLIST_KEY_UISupportedInterfaceOrientations_iPhone = "UIInterfaceOrientationPortrait UIInterfaceOrientationLandscapeLeft UIInterfaceOrientationLandscapeRight";
				LD_RUNPATH_SEARCH_PATHS = (
					"$(inherited)",
					"@executable_path/Frameworks",
				);
				MARKETING_VERSION = 1.0;
				PRODUCT_BUNDLE_IDENTIFIER = GINA.SetUpdater;
				PRODUCT_NAME = "$(TARGET_NAME)";
				SWIFT_EMIT_LOC_STRINGS = YES;
				SWIFT_VERSION = 5.0;
				TARGETED_DEVICE_FAMILY = "1,2";
			};
			name = Debug;
		};
		EF4B08882C98E01100A1F5B5 /* Release */ = {
			isa = XCBuildConfiguration;
			buildSettings = {
				ASSETCATALOG_COMPILER_APPICON_NAME = AppIcon;
				ASSETCATALOG_COMPILER_GLOBAL_ACCENT_COLOR_NAME = AccentColor;
				CODE_SIGN_STYLE = Automatic;
				CURRENT_PROJECT_VERSION = 1;
				DEVELOPMENT_ASSET_PATHS = "\"SetUpdater/Preview Content\"";
				DEVELOPMENT_TEAM = X27Q3FZPFP;
				ENABLE_PREVIEWS = YES;
				GENERATE_INFOPLIST_FILE = YES;
				INFOPLIST_KEY_UIApplicationSceneManifest_Generation = YES;
				INFOPLIST_KEY_UIApplicationSupportsIndirectInputEvents = YES;
				INFOPLIST_KEY_UILaunchScreen_Generation = YES;
				INFOPLIST_KEY_UISupportedInterfaceOrientations_iPad = "UIInterfaceOrientationPortrait UIInterfaceOrientationPortraitUpsideDown UIInterfaceOrientationLandscapeLeft UIInterfaceOrientationLandscapeRight";
				INFOPLIST_KEY_UISupportedInterfaceOrientations_iPhone = "UIInterfaceOrientationPortrait UIInterfaceOrientationLandscapeLeft UIInterfaceOrientationLandscapeRight";
				LD_RUNPATH_SEARCH_PATHS = (
					"$(inherited)",
					"@executable_path/Frameworks",
				);
				MARKETING_VERSION = 1.0;
				PRODUCT_BUNDLE_IDENTIFIER = GINA.SetUpdater;
				PRODUCT_NAME = "$(TARGET_NAME)";
				SWIFT_EMIT_LOC_STRINGS = YES;
				SWIFT_VERSION = 5.0;
				TARGETED_DEVICE_FAMILY = "1,2";
			};
			name = Release;
		};
		EF4B088A2C98E01100A1F5B5 /* Debug */ = {
			isa = XCBuildConfiguration;
			buildSettings = {
				ALWAYS_EMBED_SWIFT_STANDARD_LIBRARIES = YES;
				BUNDLE_LOADER = "$(TEST_HOST)";
				CODE_SIGN_STYLE = Automatic;
				CURRENT_PROJECT_VERSION = 1;
				DEVELOPMENT_TEAM = X27Q3FZPFP;
				GENERATE_INFOPLIST_FILE = YES;
				IPHONEOS_DEPLOYMENT_TARGET = 17.5;
				MARKETING_VERSION = 1.0;
				PRODUCT_BUNDLE_IDENTIFIER = GINA.SetUpdaterTests;
				PRODUCT_NAME = "$(TARGET_NAME)";
				SWIFT_EMIT_LOC_STRINGS = NO;
				SWIFT_VERSION = 5.0;
				TARGETED_DEVICE_FAMILY = "1,2";
				TEST_HOST = "$(BUILT_PRODUCTS_DIR)/SetUpdater.app/$(BUNDLE_EXECUTABLE_FOLDER_PATH)/SetUpdater";
			};
			name = Debug;
		};
		EF4B088B2C98E01100A1F5B5 /* Release */ = {
			isa = XCBuildConfiguration;
			buildSettings = {
				ALWAYS_EMBED_SWIFT_STANDARD_LIBRARIES = YES;
				BUNDLE_LOADER = "$(TEST_HOST)";
				CODE_SIGN_STYLE = Automatic;
				CURRENT_PROJECT_VERSION = 1;
				DEVELOPMENT_TEAM = X27Q3FZPFP;
				GENERATE_INFOPLIST_FILE = YES;
				IPHONEOS_DEPLOYMENT_TARGET = 17.5;
				MARKETING_VERSION = 1.0;
				PRODUCT_BUNDLE_IDENTIFIER = GINA.SetUpdaterTests;
				PRODUCT_NAME = "$(TARGET_NAME)";
				SWIFT_EMIT_LOC_STRINGS = NO;
				SWIFT_VERSION = 5.0;
				TARGETED_DEVICE_FAMILY = "1,2";
				TEST_HOST = "$(BUILT_PRODUCTS_DIR)/SetUpdater.app/$(BUNDLE_EXECUTABLE_FOLDER_PATH)/SetUpdater";
			};
			name = Release;
		};
		EF4B088D2C98E01100A1F5B5 /* Debug */ = {
			isa = XCBuildConfiguration;
			buildSettings = {
				ALWAYS_EMBED_SWIFT_STANDARD_LIBRARIES = YES;
				CODE_SIGN_STYLE = Automatic;
				CURRENT_PROJECT_VERSION = 1;
				DEVELOPMENT_TEAM = X27Q3FZPFP;
				GENERATE_INFOPLIST_FILE = YES;
				MARKETING_VERSION = 1.0;
				PRODUCT_BUNDLE_IDENTIFIER = GINA.SetUpdaterUITests;
				PRODUCT_NAME = "$(TARGET_NAME)";
				SWIFT_EMIT_LOC_STRINGS = NO;
				SWIFT_VERSION = 5.0;
				TARGETED_DEVICE_FAMILY = "1,2";
				TEST_TARGET_NAME = SetUpdater;
			};
			name = Debug;
		};
		EF4B088E2C98E01100A1F5B5 /* Release */ = {
			isa = XCBuildConfiguration;
			buildSettings = {
				ALWAYS_EMBED_SWIFT_STANDARD_LIBRARIES = YES;
				CODE_SIGN_STYLE = Automatic;
				CURRENT_PROJECT_VERSION = 1;
				DEVELOPMENT_TEAM = X27Q3FZPFP;
				GENERATE_INFOPLIST_FILE = YES;
				MARKETING_VERSION = 1.0;
				PRODUCT_BUNDLE_IDENTIFIER = GINA.SetUpdaterUITests;
				PRODUCT_NAME = "$(TARGET_NAME)";
				SWIFT_EMIT_LOC_STRINGS = NO;
				SWIFT_VERSION = 5.0;
				TARGETED_DEVICE_FAMILY = "1,2";
				TEST_TARGET_NAME = SetUpdater;
			};
			name = Release;
		};
/* End XCBuildConfiguration section */

/* Begin XCConfigurationList section */
		EF4B08582C98E01000A1F5B5 /* Build configuration list for PBXProject "SetUpdater" */ = {
			isa = XCConfigurationList;
			buildConfigurations = (
				EF4B08842C98E01100A1F5B5 /* Debug */,
				EF4B08852C98E01100A1F5B5 /* Release */,
			);
			defaultConfigurationIsVisible = 0;
			defaultConfigurationName = Release;
		};
		EF4B08862C98E01100A1F5B5 /* Build configuration list for PBXNativeTarget "SetUpdater" */ = {
			isa = XCConfigurationList;
			buildConfigurations = (
				EF4B08872C98E01100A1F5B5 /* Debug */,
				EF4B08882C98E01100A1F5B5 /* Release */,
			);
			defaultConfigurationIsVisible = 0;
			defaultConfigurationName = Release;
		};
		EF4B08892C98E01100A1F5B5 /* Build configuration list for PBXNativeTarget "SetUpdaterTests" */ = {
			isa = XCConfigurationList;
			buildConfigurations = (
				EF4B088A2C98E01100A1F5B5 /* Debug */,
				EF4B088B2C98E01100A1F5B5 /* Release */,
			);
			defaultConfigurationIsVisible = 0;
			defaultConfigurationName = Release;
		};
		EF4B088C2C98E01100A1F5B5 /* Build configuration list for PBXNativeTarget "SetUpdaterUITests" */ = {
			isa = XCConfigurationList;
			buildConfigurations = (
				EF4B088D2C98E01100A1F5B5 /* Debug */,
				EF4B088E2C98E01100A1F5B5 /* Release */,
			);
			defaultConfigurationIsVisible = 0;
			defaultConfigurationName = Release;
		};
/* End XCConfigurationList section */

/* Begin XCVersionGroup section */
		EF4B086B2C98E01100A1F5B5 /* SetUpdater.xcdatamodeld */ = {
			isa = XCVersionGroup;
			children = (
				EF4B086C2C98E01100A1F5B5 /* SetUpdater.xcdatamodel */,
			);
			currentVersion = EF4B086C2C98E01100A1F5B5 /* SetUpdater.xcdatamodel */;
			path = SetUpdater.xcdatamodeld;
			sourceTree = "<group>";
			versionGroupType = wrapper.xcdatamodel;
		};
/* End XCVersionGroup section */
	};
	rootObject = EF4B08552C98E01000A1F5B5 /* Project object */;
}
